
Microsoft Visual Studio Solution File, Format Version 12.00
# Visual Studio Version 17
VisualStudioVersion = 17.0.31903.59
MinimumVisualStudioVersion = 10.0.40219.1
Project("{2150E333-8FDC-42A3-9474-1A3956D46DE8}") = "BLAZORFORCLASS2", "BLAZORFORCLASS2", "{38BAEBDB-A764-BF54-B13C-C2632263F384}"
EndProject
Project("{FAE04EC0-301F-11D3-BF4B-00C04F79EFBC}") = "BLAZORFORCLASS2", "BLAZORFORCLASS2\BLAZORFORCLASS2\BLAZORFORCLASS2.csproj", "{0FF6FE6F-E555-4CF1-9F95-3A8129921483}"
EndProject
Project("{FAE04EC0-301F-11D3-BF4B-00C04F79EFBC}") = "BLAZORFORCLASS2.Shared", "BLAZORFORCLASS2\BLAZORFORCLASS2.Shared\BLAZORFORCLASS2.Shared.csproj", "{8098DDBD-1715-4A87-89E8-CFA49FC9D86C}"
EndProject
Project("{FAE04EC0-301F-11D3-BF4B-00C04F79EFBC}") = "BLAZORFORCLASS2.Web", "BLAZORFORCLASS2\BLAZORFORCLASS2.Web\BLAZORFORCLASS2.Web.csproj", "{61F2D54E-5915-46DD-BE9D-FF99142E2350}"
EndProject
Global
	GlobalSection(SolutionConfigurationPlatforms) = preSolution
		Debug|Any CPU = Debug|Any CPU
		Debug|x64 = Debug|x64
		Debug|x86 = Debug|x86
		Release|Any CPU = Release|Any CPU
		Release|x64 = Release|x64
		Release|x86 = Release|x86
	EndGlobalSection
	GlobalSection(ProjectConfigurationPlatforms) = postSolution
		{0FF6FE6F-E555-4CF1-9F95-3A8129921483}.Debug|Any CPU.ActiveCfg = Debug|Any CPU
		{0FF6FE6F-E555-4CF1-9F95-3A8129921483}.Debug|Any CPU.Build.0 = Debug|Any CPU
		{0FF6FE6F-E555-4CF1-9F95-3A8129921483}.Debug|x64.ActiveCfg = Debug|Any CPU
		{0FF6FE6F-E555-4CF1-9F95-3A8129921483}.Debug|x64.Build.0 = Debug|Any CPU
		{0FF6FE6F-E555-4CF1-9F95-3A8129921483}.Debug|x86.ActiveCfg = Debug|Any CPU
		{0FF6FE6F-E555-4CF1-9F95-3A8129921483}.Debug|x86.Build.0 = Debug|Any CPU
		{0FF6FE6F-E555-4CF1-9F95-3A8129921483}.Release|Any CPU.ActiveCfg = Release|Any CPU
		{0FF6FE6F-E555-4CF1-9F95-3A8129921483}.Release|Any CPU.Build.0 = Release|Any CPU
		{0FF6FE6F-E555-4CF1-9F95-3A8129921483}.Release|x64.ActiveCfg = Release|Any CPU
		{0FF6FE6F-E555-4CF1-9F95-3A8129921483}.Release|x64.Build.0 = Release|Any CPU
		{0FF6FE6F-E555-4CF1-9F95-3A8129921483}.Release|x86.ActiveCfg = Release|Any CPU
		{0FF6FE6F-E555-4CF1-9F95-3A8129921483}.Release|x86.Build.0 = Release|Any CPU
		{8098DDBD-1715-4A87-89E8-CFA49FC9D86C}.Debug|Any CPU.ActiveCfg = Debug|Any CPU
		{8098DDBD-1715-4A87-89E8-CFA49FC9D86C}.Debug|Any CPU.Build.0 = Debug|Any CPU
		{8098DDBD-1715-4A87-89E8-CFA49FC9D86C}.Debug|x64.ActiveCfg = Debug|Any CPU
		{8098DDBD-1715-4A87-89E8-CFA49FC9D86C}.Debug|x64.Build.0 = Debug|Any CPU
		{8098DDBD-1715-4A87-89E8-CFA49FC9D86C}.Debug|x86.ActiveCfg = Debug|Any CPU
		{8098DDBD-1715-4A87-89E8-CFA49FC9D86C}.Debug|x86.Build.0 = Debug|Any CPU
		{8098DDBD-1715-4A87-89E8-CFA49FC9D86C}.Release|Any CPU.ActiveCfg = Release|Any CPU
		{8098DDBD-1715-4A87-89E8-CFA49FC9D86C}.Release|Any CPU.Build.0 = Release|Any CPU
		{8098DDBD-1715-4A87-89E8-CFA49FC9D86C}.Release|x64.ActiveCfg = Release|Any CPU
		{8098DDBD-1715-4A87-89E8-CFA49FC9D86C}.Release|x64.Build.0 = Release|Any CPU
		{8098DDBD-1715-4A87-89E8-CFA49FC9D86C}.Release|x86.ActiveCfg = Release|Any CPU
		{8098DDBD-1715-4A87-89E8-CFA49FC9D86C}.Release|x86.Build.0 = Release|Any CPU
		{61F2D54E-5915-46DD-BE9D-FF99142E2350}.Debug|Any CPU.ActiveCfg = Debug|Any CPU
		{61F2D54E-5915-46DD-BE9D-FF99142E2350}.Debug|Any CPU.Build.0 = Debug|Any CPU
		{61F2D54E-5915-46DD-BE9D-FF99142E2350}.Debug|x64.ActiveCfg = Debug|Any CPU
		{61F2D54E-5915-46DD-BE9D-FF99142E2350}.Debug|x64.Build.0 = Debug|Any CPU
		{61F2D54E-5915-46DD-BE9D-FF99142E2350}.Debug|x86.ActiveCfg = Debug|Any CPU
		{61F2D54E-5915-46DD-BE9D-FF99142E2350}.Debug|x86.Build.0 = Debug|Any CPU
		{61F2D54E-5915-46DD-BE9D-FF99142E2350}.Release|Any CPU.ActiveCfg = Release|Any CPU
		{61F2D54E-5915-46DD-BE9D-FF99142E2350}.Release|Any CPU.Build.0 = Release|Any CPU
		{61F2D54E-5915-46DD-BE9D-FF99142E2350}.Release|x64.ActiveCfg = Release|Any CPU
		{61F2D54E-5915-46DD-BE9D-FF99142E2350}.Release|x64.Build.0 = Release|Any CPU
		{61F2D54E-5915-46DD-BE9D-FF99142E2350}.Release|x86.ActiveCfg = Release|Any CPU
		{61F2D54E-5915-46DD-BE9D-FF99142E2350}.Release|x86.Build.0 = Release|Any CPU
	EndGlobalSection
	GlobalSection(SolutionProperties) = preSolution
		HideSolutionNode = FALSE
	EndGlobalSection
	GlobalSection(NestedProjects) = preSolution
		{0FF6FE6F-E555-4CF1-9F95-3A8129921483} = {38BAEBDB-A764-BF54-B13C-C2632263F384}
		{8098DDBD-1715-4A87-89E8-CFA49FC9D86C} = {38BAEBDB-A764-BF54-B13C-C2632263F384}
		{61F2D54E-5915-46DD-BE9D-FF99142E2350} = {38BAEBDB-A764-BF54-B13C-C2632263F384}
	EndGlobalSection
EndGlobal
